github.com/iower/goshapes v0.0.0-20230311180926-1556c6e927b5 h1:v0djoJKM2w7OoDMboIaNFP6zF+Qd8SavYMHyyep9f/g=
github.com/iower/goshapes v0.0.0-20230311180926-1556c6e927b5/go.mod h1:AFvYSMOclfGXLhYCJLhiOBmT+imskCw7eJlLMZeFWVo=
github.com/iower/goshapes v0.0.0-20230311181505-11faf4d38f3c h1:dpbsLOtE1zLb1KUVRoLnDQ4cqDQPps7nN8PbCudueWk=
github.com/iower/goshapes v0.0.0-20230311181505-11faf4d38f3c/go.mod h1:AFvYSMOclfGXLhYCJLhiOBmT+imskCw7eJlLMZeFWVo=
